// !$*UTF8*$!
{
	archiveVersion = 1;
	classes = {
	};
	objectVersion = 50;
	objects = {

/* Begin PBXBuildFile section */
		F2F9567223326D3A009E83EB /* AppDelegate.m in Sources */ = {isa = PBXBuildFile; fileRef = F2F9567123326D3A009E83EB /* AppDelegate.m */; };
		F2F9567523326D3A009E83EB /* ViewController.m in Sources */ = {isa = PBXBuildFile; fileRef = F2F9567423326D3A009E83EB /* ViewController.m */; };
		F2F9567823326D3A009E83EB /* Main.storyboard in Resources */ = {isa = PBXBuildFile; fileRef = F2F9567623326D3A009E83EB /* Main.storyboard */; };
		F2F9567B23326D3A009E83EB /* QQ______.xcdatamodeld in Sources */ = {isa = PBXBuildFile; fileRef = F2F9567923326D3A009E83EB /* QQ______.xcdatamodeld */; };
		F2F9567D23326D3B009E83EB /* Assets.xcassets in Resources */ = {isa = PBXBuildFile; fileRef = F2F9567C23326D3B009E83EB /* Assets.xcassets */; };
		F2F9568023326D3B009E83EB /* LaunchScreen.storyboard in Resources */ = {isa = PBXBuildFile; fileRef = F2F9567E23326D3B009E83EB /* LaunchScreen.storyboard */; };
		F2F9568323326D3B009E83EB /* main.m in Sources */ = {isa = PBXBuildFile; fileRef = F2F9568223326D3B009E83EB /* main.m */; };
		F2F9568D23326D3B009E83EB /* QQ______Tests.m in Sources */ = {isa = PBXBuildFile; fileRef = F2F9568C23326D3B009E83EB /* QQ______Tests.m */; };
		F2F9569823326D3B009E83EB /* QQ______UITests.m in Sources */ = {isa = PBXBuildFile; fileRef = F2F9569723326D3B009E83EB /* QQ______UITests.m */; };
		F2F956A723327455009E83EB /* QJBadgeNumberView.m in Sources */ = {isa = PBXBuildFile; fileRef = F2F956A623327455009E83EB /* QJBadgeNumberView.m */; };
/* End PBXBuildFile section */

/* Begin PBXContainerItemProxy section */
		F2F9568923326D3B009E83EB /* PBXContainerItemProxy */ = {
			isa = PBXContainerItemProxy;
			containerPortal = F2F9566523326D39009E83EB /* Project object */;
			proxyType = 1;
			remoteGlobalIDString = F2F9566C23326D39009E83EB;
			remoteInfo = "QQ红点信息粘性";
		};
		F2F9569423326D3B009E83EB /* PBXContainerItemProxy */ = {
			isa = PBXContainerItemProxy;
			containerPortal = F2F9566523326D39009E83EB /* Project object */;
			proxyType = 1;
			remoteGlobalIDString = F2F9566C23326D39009E83EB;
			remoteInfo = "QQ红点信息粘性";
		};
/* End PBXContainerItemProxy section */

/* Begin PBXFileReference section */
		F2F9566D23326D39009E83EB /* QQ红点信息粘性.app */ = {isa = PBXFileReference; explicitFileType = wrapper.application; includeInIndex = 0; path = "QQ红点信息粘性.app"; sourceTree = BUILT_PRODUCTS_DIR; };
		F2F9567023326D3A009E83EB /* AppDelegate.h */ = {isa = PBXFileReference; lastKnownFileType = sourcecode.c.h; path = AppDelegate.h; sourceTree = "<group>"; };
		F2F9567123326D3A009E83EB /* AppDelegate.m */ = {isa = PBXFileReference; lastKnownFileType = sourcecode.c.objc; path = AppDelegate.m; sourceTree = "<group>"; };
		F2F9567323326D3A009E83EB /* ViewController.h */ = {isa = PBXFileReference; lastKnownFileType = sourcecode.c.h; path = ViewController.h; sourceTree = "<group>"; };
		F2F9567423326D3A009E83EB /* ViewController.m */ = {isa = PBXFileReference; lastKnownFileType = sourcecode.c.objc; path = ViewController.m; sourceTree = "<group>"; };
		F2F9567723326D3A009E83EB /* Base */ = {isa = PBXFileReference; lastKnownFileType = file.storyboard; name = Base; path = Base.lproj/Main.storyboard; sourceTree = "<group>"; };
		F2F9567A23326D3A009E83EB /* QQ______.xcdatamodel */ = {isa = PBXFileReference; lastKnownFileType = wrapper.xcdatamodel; path = "QQ______.xcdatamodel"; sourceTree = "<group>"; };
		F2F9567C23326D3B009E83EB /* Assets.xcassets */ = {isa = PBXFileReference; lastKnownFileType = folder.assetcatalog; path = Assets.xcassets; sourceTree = "<group>"; };
		F2F9567F23326D3B009E83EB /* Base */ = {isa = PBXFileReference; lastKnownFileType = file.storyboard; name = Base; path = Base.lproj/LaunchScreen.storyboard; sourceTree = "<group>"; };
		F2F9568123326D3B009E83EB /* Info.plist */ = {isa = PBXFileReference; lastKnownFileType = text.plist.xml; path = Info.plist; sourceTree = "<group>"; };
		F2F9568223326D3B009E83EB /* main.m */ = {isa = PBXFileReference; lastKnownFileType = sourcecode.c.objc; path = main.m; sourceTree = "<group>"; };
		F2F9568823326D3B009E83EB /* QQ红点信息粘性Tests.xctest */ = {isa = PBXFileReference; explicitFileType = wrapper.cfbundle; includeInIndex = 0; path = "QQ红点信息粘性Tests.xctest"; sourceTree = BUILT_PRODUCTS_DIR; };
		F2F9568C23326D3B009E83EB /* QQ______Tests.m */ = {isa = PBXFileReference; lastKnownFileType = sourcecode.c.objc; path = "QQ______Tests.m"; sourceTree = "<group>"; };
		F2F9568E23326D3B009E83EB /* Info.plist */ = {isa = PBXFileReference; lastKnownFileType = text.plist.xml; path = Info.plist; sourceTree = "<group>"; };
		F2F9569323326D3B009E83EB /* QQ红点信息粘性UITests.xctest */ = {isa = PBXFileReference; explicitFileType = wrapper.cfbundle; includeInIndex = 0; path = "QQ红点信息粘性UITests.xctest"; sourceTree = BUILT_PRODUCTS_DIR; };
		F2F9569723326D3B009E83EB /* QQ______UITests.m */ = {isa = PBXFileReference; lastKnownFileType = sourcecode.c.objc; path = "QQ______UITests.m"; sourceTree = "<group>"; };
		F2F9569923326D3B009E83EB /* Info.plist */ = {isa = PBXFileReference; lastKnownFileType = text.plist.xml; path = Info.plist; sourceTree = "<group>"; };
		F2F956A523327455009E83EB /* QJBadgeNumberView.h */ = {isa = PBXFileReference; lastKnownFileType = sourcecode.c.h; path = QJBadgeNumberView.h; sourceTree = "<group>"; };
		F2F956A623327455009E83EB /* QJBadgeNumberView.m */ = {isa = PBXFileReference; lastKnownFileType = sourcecode.c.objc; path = QJBadgeNumberView.m; sourceTree = "<group>"; };
/* End PBXFileReference section */

/* Begin PBXFrameworksBuildPhase section */
		F2F9566A23326D39009E83EB /* Frameworks */ = {
			isa = PBXFrameworksBuildPhase;
			buildActionMask = 2147483647;
			files = (
			);
			runOnlyForDeploymentPostprocessing = 0;
		};
		F2F9568523326D3B009E83EB /* Frameworks */ = {
			isa = PBXFrameworksBuildPhase;
			buildActionMask = 2147483647;
			files = (
			);
			runOnlyForDeploymentPostprocessing = 0;
		};
		F2F9569023326D3B009E83EB /* Frameworks */ = {
			isa = PBXFrameworksBuildPhase;
			buildActionMask = 2147483647;
			files = (
			);
			runOnlyForDeploymentPostprocessing = 0;
		};
/* End PBXFrameworksBuildPhase section */

/* Begin PBXGroup section */
		F2F9566423326D39009E83EB = {
			isa = PBXGroup;
			children = (
				F2F9566F23326D3A009E83EB /* QQ红点信息粘性 */,
				F2F9568B23326D3B009E83EB /* QQ红点信息粘性Tests */,
				F2F9569623326D3B009E83EB /* QQ红点信息粘性UITests */,
				F2F9566E23326D39009E83EB /* Products */,
			);
			sourceTree = "<group>";
		};
		F2F9566E23326D39009E83EB /* Products */ = {
			isa = PBXGroup;
			children = (
				F2F9566D23326D39009E83EB /* QQ红点信息粘性.app */,
				F2F9568823326D3B009E83EB /* QQ红点信息粘性Tests.xctest */,
				F2F9569323326D3B009E83EB /* QQ红点信息粘性UITests.xctest */,
			);
			name = Products;
			sourceTree = "<group>";
		};
		F2F9566F23326D3A009E83EB /* QQ红点信息粘性 */ = {
			isa = PBXGroup;
			children = (
				F2F9567023326D3A009E83EB /* AppDelegate.h */,
				F2F9567123326D3A009E83EB /* AppDelegate.m */,
				F2F9567323326D3A009E83EB /* ViewController.h */,
				F2F9567423326D3A009E83EB /* ViewController.m */,
				F2F9567623326D3A009E83EB /* Main.storyboard */,
				F2F9567C23326D3B009E83EB /* Assets.xcassets */,
				F2F9567E23326D3B009E83EB /* LaunchScreen.storyboard */,
				F2F9568123326D3B009E83EB /* Info.plist */,
				F2F9568223326D3B009E83EB /* main.m */,
				F2F9567923326D3A009E83EB /* QQ______.xcdatamodeld */,
				F2F956A523327455009E83EB /* QJBadgeNumberView.h */,
				F2F956A623327455009E83EB /* QJBadgeNumberView.m */,
			);
			path = "QQ红点信息粘性";
			sourceTree = "<group>";
		};
		F2F9568B23326D3B009E83EB /* QQ红点信息粘性Tests */ = {
			isa = PBXGroup;
			children = (
				F2F9568C23326D3B009E83EB /* QQ______Tests.m */,
				F2F9568E23326D3B009E83EB /* Info.plist */,
			);
			path = "QQ红点信息粘性Tests";
			sourceTree = "<group>";
		};
		F2F9569623326D3B009E83EB /* QQ红点信息粘性UITests */ = {
			isa = PBXGroup;
			children = (
				F2F9569723326D3B009E83EB /* QQ______UITests.m */,
				F2F9569923326D3B009E83EB /* Info.plist */,
			);
			path = "QQ红点信息粘性UITests";
			sourceTree = "<group>";
		};
/* End PBXGroup section */

/* Begin PBXNativeTarget section */
		F2F9566C23326D39009E83EB /* QQ红点信息粘性 */ = {
			isa = PBXNativeTarget;
			buildConfigurationList = F2F9569C23326D3B009E83EB /* Build configuration list for PBXNativeTarget "QQ红点信息粘性" */;
			buildPhases = (
				F2F9566923326D39009E83EB /* Sources */,
				F2F9566A23326D39009E83EB /* Frameworks */,
				F2F9566B23326D39009E83EB /* Resources */,
			);
			buildRules = (
			);
			dependencies = (
			);
			name = "QQ红点信息粘性";
			productName = "QQ红点信息粘性";
			productReference = F2F9566D23326D39009E83EB /* QQ红点信息粘性.app */;
			productType = "com.apple.product-type.application";
		};
		F2F9568723326D3B009E83EB /* QQ红点信息粘性Tests */ = {
			isa = PBXNativeTarget;
			buildConfigurationList = F2F9569F23326D3B009E83EB /* Build configuration list for PBXNativeTarget "QQ红点信息粘性Tests" */;
			buildPhases = (
				F2F9568423326D3B009E83EB /* Sources */,
				F2F9568523326D3B009E83EB /* Frameworks */,
				F2F9568623326D3B009E83EB /* Resources */,
			);
			buildRules = (
			);
			dependencies = (
				F2F9568A23326D3B009E83EB /* PBXTargetDependency */,
			);
			name = "QQ红点信息粘性Tests";
			productName = "QQ红点信息粘性Tests";
			productReference = F2F9568823326D3B009E83EB /* QQ红点信息粘性Tests.xctest */;
			productType = "com.apple.product-type.bundle.unit-test";
		};
		F2F9569223326D3B009E83EB /* QQ红点信息粘性UITests */ = {
			isa = PBXNativeTarget;
			buildConfigurationList = F2F956A223326D3B009E83EB /* Build configuration list for PBXNativeTarget "QQ红点信息粘性UITests" */;
			buildPhases = (
				F2F9568F23326D3B009E83EB /* Sources */,
				F2F9569023326D3B009E83EB /* Frameworks */,
				F2F9569123326D3B009E83EB /* Resources */,
			);
			buildRules = (
			);
			dependencies = (
				F2F9569523326D3B009E83EB /* PBXTargetDependency */,
			);
			name = "QQ红点信息粘性UITests";
			productName = "QQ红点信息粘性UITests";
			productReference = F2F9569323326D3B009E83EB /* QQ红点信息粘性UITests.xctest */;
			productType = "com.apple.product-type.bundle.ui-testing";
		};
/* End PBXNativeTarget section */

/* Begin PBXProject section */
		F2F9566523326D39009E83EB /* Project object */ = {
			isa = PBXProject;
			attributes = {
				LastUpgradeCheck = 1030;
				ORGANIZATIONNAME = yiniu;
				TargetAttributes = {
					F2F9566C23326D39009E83EB = {
						CreatedOnToolsVersion = 10.3;
					};
					F2F9568723326D3B009E83EB = {
						CreatedOnToolsVersion = 10.3;
						TestTargetID = F2F9566C23326D39009E83EB;
					};
					F2F9569223326D3B009E83EB = {
						CreatedOnToolsVersion = 10.3;
						TestTargetID = F2F9566C23326D39009E83EB;
					};
				};
			};
			buildConfigurationList = F2F9566823326D39009E83EB /* Build configuration list for PBXProject "QQ红点信息粘性" */;
			compatibilityVersion = "Xcode 9.3";
			developmentRegion = en;
			hasScannedForEncodings = 0;
			knownRegions = (
				en,
				Base,
			);
			mainGroup = F2F9566423326D39009E83EB;
			productRefGroup = F2F9566E23326D39009E83EB /* Products */;
			projectDirPath = "";
			projectRoot = "";
			targets = (
				F2F9566C23326D39009E83EB /* QQ红点信息粘性 */,
				F2F9568723326D3B009E83EB /* QQ红点信息粘性Tests */,
				F2F9569223326D3B009E83EB /* QQ红点信息粘性UITests */,
			);
		};
/* End PBXProject section */

/* Begin PBXResourcesBuildPhase section */
		F2F9566B23326D39009E83EB /* Resources */ = {
			isa = PBXResourcesBuildPhase;
			buildActionMask = 2147483647;
			files = (
				F2F9568023326D3B009E83EB /* LaunchScreen.storyboard in Resources */,
				F2F9567D23326D3B009E83EB /* Assets.xcassets in Resources */,
				F2F9567823326D3A009E83EB /* Main.storyboard in Resources */,
			);
			runOnlyForDeploymentPostprocessing = 0;
		};
		F2F9568623326D3B009E83EB /* Resources */ = {
			isa = PBXResourcesBuildPhase;
			buildActionMask = 2147483647;
			files = (
			);
			runOnlyForDeploymentPostprocessing = 0;
		};
		F2F9569123326D3B009E83EB /* Resources */ = {
			isa = PBXResourcesBuildPhase;
			buildActionMask = 2147483647;
			files = (
			);
			runOnlyForDeploymentPostprocessing = 0;
		};
/* End PBXResourcesBuildPhase section */

/* Begin PBXSourcesBuildPhase section */
		F2F9566923326D39009E83EB /* Sources */ = {
			isa = PBXSourcesBuildPhase;
			buildActionMask = 2147483647;
			files = (
				F2F9567523326D3A009E83EB /* ViewController.m in Sources */,
				F2F956A723327455009E83EB /* QJBadgeNumberView.m in Sources */,
				F2F9567223326D3A009E83EB /* AppDelegate.m in Sources */,
				F2F9568323326D3B009E83EB /* main.m in Sources */,
				F2F9567B23326D3A009E83EB /* QQ______.xcdatamodeld in Sources */,
			);
			runOnlyForDeploymentPostprocessing = 0;
		};
		F2F9568423326D3B009E83EB /* Sources */ = {
			isa = PBXSourcesBuildPhase;
			buildActionMask = 2147483647;
			files = (
				F2F9568D23326D3B009E83EB /* QQ______Tests.m in Sources */,
			);
			runOnlyForDeploymentPostprocessing = 0;
		};
		F2F9568F23326D3B009E83EB /* Sources */ = {
			isa = PBXSourcesBuildPhase;
			buildActionMask = 2147483647;
			files = (
				F2F9569823326D3B009E83EB /* QQ______UITests.m in Sources */,
			);
			runOnlyForDeploymentPostprocessing = 0;
		};
/* End PBXSourcesBuildPhase section */

/* Begin PBXTargetDependency section */
		F2F9568A23326D3B009E83EB /* PBXTargetDependency */ = {
			isa = PBXTargetDependency;
			target = F2F9566C23326D39009E83EB /* QQ红点信息粘性 */;
			targetProxy = F2F9568923326D3B009E83EB /* PBXContainerItemProxy */;
		};
		F2F9569523326D3B009E83EB /* PBXTargetDependency */ = {
			isa = PBXTargetDependency;
			target = F2F9566C23326D39009E83EB /* QQ红点信息粘性 */;
			targetProxy = F2F9569423326D3B009E83EB /* PBXContainerItemProxy */;
		};
/* End PBXTargetDependency section */

/* Begin PBXVariantGroup section */
		F2F9567623326D3A009E83EB /* Main.storyboard */ = {
			isa = PBXVariantGroup;
			children = (
				F2F9567723326D3A009E83EB /* Base */,
			);
			name = Main.storyboard;
			sourceTree = "<group>";
		};
		F2F9567E23326D3B009E83EB /* LaunchScreen.storyboard */ = {
			isa = PBXVariantGroup;
			children = (
				F2F9567F23326D3B009E83EB /* Base */,
			);
			name = LaunchScreen.storyboard;
			sourceTree = "<group>";
		};
/* End PBXVariantGroup section */

/* Begin XCBuildConfiguration section */
		F2F9569A23326D3B009E83EB /* Debug */ = {
			isa = XCBuildConfiguration;
			buildSettings = {
				ALWAYS_SEARCH_USER_PATHS = NO;
				CLANG_ANALYZER_NONNULL = YES;
				CLANG_ANALYZER_NUMBER_OBJECT_CONVERSION = YES_AGGRESSIVE;
				CLANG_CXX_LANGUAGE_STANDARD = "gnu++14";
				CLANG_CXX_LIBRARY = "libc++";
				CLANG_ENABLE_MODULES = YES;
				CLANG_ENABLE_OBJC_ARC = YES;
				CLANG_ENABLE_OBJC_WEAK = YES;
				CLANG_WARN_BLOCK_CAPTURE_AUTORELEASING = YES;
				CLANG_WARN_BOOL_CONVERSION = YES;
				CLANG_WARN_COMMA = YES;
				CLANG_WARN_CONSTANT_CONVERSION = YES;
				CLANG_WARN_DEPRECATED_OBJC_IMPLEMENTATIONS = YES;
				CLANG_WARN_DIRECT_OBJC_ISA_USAGE = YES_ERROR;
				CLANG_WARN_DOCUMENTATION_COMMENTS = YES;
				CLANG_WARN_EMPTY_BODY = YES;
				CLANG_WARN_ENUM_CONVERSION = YES;
				CLANG_WARN_INFINITE_RECURSION = YES;
				CLANG_WARN_INT_CONVERSION = YES;
				CLANG_WARN_NON_LITERAL_NULL_CONVERSION = YES;
				CLANG_WARN_OBJC_IMPLICIT_RETAIN_SELF = YES;
				CLANG_WARN_OBJC_LITERAL_CONVERSION = YES;
				CLANG_WARN_OBJC_ROOT_CLASS = YES_ERROR;
				CLANG_WARN_RANGE_LOOP_ANALYSIS = YES;
				CLANG_WARN_STRICT_PROTOTYPES = YES;
				CLANG_WARN_SUSPICIOUS_MOVE = YES;
				CLANG_WARN_UNGUARDED_AVAILABILITY = YES_AGGRESSIVE;
				CLANG_WARN_UNREACHABLE_CODE = YES;
				CLANG_WARN__DUPLICATE_METHOD_MATCH = YES;
				CODE_SIGN_IDENTITY = "iPhone Developer";
				COPY_PHASE_STRIP = NO;
				DEBUG_INFORMATION_FORMAT = dwarf;
				ENABLE_STRICT_OBJC_MSGSEND = YES;
				ENABLE_TESTABILITY = YES;
				GCC_C_LANGUAGE_STANDARD = gnu11;
				GCC_DYNAMIC_NO_PIC = NO;
				GCC_NO_COMMON_BLOCKS = YES;
				GCC_OPTIMIZATION_LEVEL = 0;
				GCC_PREPROCESSOR_DEFINITIONS = (
					"DEBUG=1",
					"$(inherited)",
				);
				GCC_WARN_64_TO_32_BIT_CONVERSION = YES;
				GCC_WARN_ABOUT_RETURN_TYPE = YES_ERROR;
				GCC_WARN_UNDECLARED_SELECTOR = YES;
				GCC_WARN_UNINITIALIZED_AUTOS = YES_AGGRESSIVE;
				GCC_WARN_UNUSED_FUNCTION = YES;
				GCC_WARN_UNUSED_VARIABLE = YES;
				IPHONEOS_DEPLOYMENT_TARGET = 12.4;
				MTL_ENABLE_DEBUG_INFO = INCLUDE_SOURCE;
				MTL_FAST_MATH = YES;
				ONLY_ACTIVE_ARCH = YES;
				SDKROOT = iphoneos;
			};
			name = Debug;
		};
		F2F9569B23326D3B009E83EB /* Release */ = {
			isa = XCBuildConfiguration;
			buildSettings = {
				ALWAYS_SEARCH_USER_PATHS = NO;
				CLANG_ANALYZER_NONNULL = YES;
				CLANG_ANALYZER_NUMBER_OBJECT_CONVERSION = YES_AGGRESSIVE;
				CLANG_CXX_LANGUAGE_STANDARD = "gnu++14";
				CLANG_CXX_LIBRARY = "libc++";
				CLANG_ENABLE_MODULES = YES;
				CLANG_ENABLE_OBJC_ARC = YES;
				CLANG_ENABLE_OBJC_WEAK = YES;
				CLANG_WARN_BLOCK_CAPTURE_AUTORELEASING = YES;
				CLANG_WARN_BOOL_CONVERSION = YES;
				CLANG_WARN_COMMA = YES;
				CLANG_WARN_CONSTANT_CONVERSION = YES;
				CLANG_WARN_DEPRECATED_OBJC_IMPLEMENTATIONS = YES;
				CLANG_WARN_DIRECT_OBJC_ISA_USAGE = YES_ERROR;
				CLANG_WARN_DOCUMENTATION_COMMENTS = YES;
				CLANG_WARN_EMPTY_BODY = YES;
				CLANG_WARN_ENUM_CONVERSION = YES;
				CLANG_WARN_INFINITE_RECURSION = YES;
				CLANG_WARN_INT_CONVERSION = YES;
				CLANG_WARN_NON_LITERAL_NULL_CONVERSION = YES;
				CLANG_WARN_OBJC_IMPLICIT_RETAIN_SELF = YES;
				CLANG_WARN_OBJC_LITERAL_CONVERSION = YES;
				CLANG_WARN_OBJC_ROOT_CLASS = YES_ERROR;
				CLANG_WARN_RANGE_LOOP_ANALYSIS = YES;
				CLANG_WARN_STRICT_PROTOTYPES = YES;
				CLANG_WARN_SUSPICIOUS_MOVE = YES;
				CLANG_WARN_UNGUARDED_AVAILABILITY = YES_AGGRESSIVE;
				CLANG_WARN_UNREACHABLE_CODE = YES;
				CLANG_WARN__DUPLICATE_METHOD_MATCH = YES;
				CODE_SIGN_IDENTITY = "iPhone Developer";
				COPY_PHASE_STRIP = NO;
				DEBUG_INFORMATION_FORMAT = "dwarf-with-dsym";
				ENABLE_NS_ASSERTIONS = NO;
				ENABLE_STRICT_OBJC_MSGSEND = YES;
				GCC_C_LANGUAGE_STANDARD = gnu11;
				GCC_NO_COMMON_BLOCKS = YES;
				GCC_WARN_64_TO_32_BIT_CONVERSION = YES;
				GCC_WARN_ABOUT_RETURN_TYPE = YES_ERROR;
				GCC_WARN_UNDECLARED_SELECTOR = YES;
				GCC_WARN_UNINITIALIZED_AUTOS = YES_AGGRESSIVE;
				GCC_WARN_UNUSED_FUNCTION = YES;
				GCC_WARN_UNUSED_VARIABLE = YES;
				IPHONEOS_DEPLOYMENT_TARGET = 12.4;
				MTL_ENABLE_DEBUG_INFO = NO;
				MTL_FAST_MATH = YES;
				SDKROOT = iphoneos;
				VALIDATE_PRODUCT = YES;
			};
			name = Release;
		};
		F2F9569D23326D3B009E83EB /* Debug */ = {
			isa = XCBuildConfiguration;
			buildSettings = {
				ASSETCATALOG_COMPILER_APPICON_NAME = AppIcon;
				CODE_SIGN_STYLE = Automatic;
				DEVELOPMENT_TEAM = 46S98ZE7K8;
				INFOPLIST_FILE = "QQ红点信息粘性/Info.plist";
				LD_RUNPATH_SEARCH_PATHS = (
					"$(inherited)",
					"@executable_path/Frameworks",
				);
				PRODUCT_BUNDLE_IDENTIFIER = "com.yiniu.app.QQ------";
				PRODUCT_NAME = "$(TARGET_NAME)";
				TARGETED_DEVICE_FAMILY = "1,2";
			};
			name = Debug;
		};
		F2F9569E23326D3B009E83EB /* Release */ = {
			isa = XCBuildConfiguration;
			buildSettings = {
				ASSETCATALOG_COMPILER_APPICON_NAME = AppIcon;
				CODE_SIGN_STYLE = Automatic;
				DEVELOPMENT_TEAM = 46S98ZE7K8;
				INFOPLIST_FILE = "QQ红点信息粘性/Info.plist";
				LD_RUNPATH_SEARCH_PATHS = (
					"$(inherited)",
					"@executable_path/Frameworks",
				);
				PRODUCT_BUNDLE_IDENTIFIER = "com.yiniu.app.QQ------";
				PRODUCT_NAME = "$(TARGET_NAME)";
				TARGETED_DEVICE_FAMILY = "1,2";
			};
			name = Release;
		};
		F2F956A023326D3B009E83EB /* Debug */ = {
			isa = XCBuildConfiguration;
			buildSettings = {
				BUNDLE_LOADER = "$(TEST_HOST)";
				CODE_SIGN_STYLE = Automatic;
				DEVELOPMENT_TEAM = 46S98ZE7K8;
				INFOPLIST_FILE = "QQ红点信息粘性Tests/Info.plist";
				LD_RUNPATH_SEARCH_PATHS = (
					"$(inherited)",
					"@executable_path/Frameworks",
					"@loader_path/Frameworks",
				);
				PRODUCT_BUNDLE_IDENTIFIER = "com.yiniu.app.QQ------Tests";
				PRODUCT_NAME = "$(TARGET_NAME)";
				TARGETED_DEVICE_FAMILY = "1,2";
				TEST_HOST = "$(BUILT_PRODUCTS_DIR)/QQ红点信息粘性.app/QQ红点信息粘性";
			};
			name = Debug;
		};
		F2F956A123326D3B009E83EB /* Release */ = {
			isa = XCBuildConfiguration;
			buildSettings = {
				BUNDLE_LOADER = "$(TEST_HOST)";
				CODE_SIGN_STYLE = Automatic;
				DEVELOPMENT_TEAM = 46S98ZE7K8;
				INFOPLIST_FILE = "QQ红点信息粘性Tests/Info.plist";
				LD_RUNPATH_SEARCH_PATHS = (
					"$(inherited)",
					"@executable_path/Frameworks",
					"@loader_path/Frameworks",
				);
				PRODUCT_BUNDLE_IDENTIFIER = "com.yiniu.app.QQ------Tests";
				PRODUCT_NAME = "$(TARGET_NAME)";
				TARGETED_DEVICE_FAMILY = "1,2";
				TEST_HOST = "$(BUILT_PRODUCTS_DIR)/QQ红点信息粘性.app/QQ红点信息粘性";
			};
			name = Release;
		};
		F2F956A323326D3B009E83EB /* Debug */ = {
			isa = XCBuildConfiguration;
			buildSettings = {
				CODE_SIGN_STYLE = Automatic;
				DEVELOPMENT_TEAM = 46S98ZE7K8;
				INFOPLIST_FILE = "QQ红点信息粘性UITests/Info.plist";
				LD_RUNPATH_SEARCH_PATHS = (
					"$(inherited)",
					"@executable_path/Frameworks",
					"@loader_path/Frameworks",
				);
				PRODUCT_BUNDLE_IDENTIFIER = "com.yiniu.app.QQ------UITests";
				PRODUCT_NAME = "$(TARGET_NAME)";
				TARGETED_DEVICE_FAMILY = "1,2";
				TEST_TARGET_NAME = "QQ红点信息粘性";
			};
			name = Debug;
		};
		F2F956A423326D3B009E83EB /* Release */ = {
			isa = XCBuildConfiguration;
			buildSettings = {
				CODE_SIGN_STYLE = Automatic;
				DEVELOPMENT_TEAM = 46S98ZE7K8;
				INFOPLIST_FILE = "QQ红点信息粘性UITests/Info.plist";
				LD_RUNPATH_SEARCH_PATHS = (
					"$(inherited)",
					"@executable_path/Frameworks",
					"@loader_path/Frameworks",
				);
				PRODUCT_BUNDLE_IDENTIFIER = "com.yiniu.app.QQ------UITests";
				PRODUCT_NAME = "$(TARGET_NAME)";
				TARGETED_DEVICE_FAMILY = "1,2";
				TEST_TARGET_NAME = "QQ红点信息粘性";
			};
			name = Release;
		};
/* End XCBuildConfiguration section */

/* Begin XCConfigurationList section */
		F2F9566823326D39009E83EB /* Build configuration list for PBXProject "QQ红点信息粘性" */ = {
			isa = XCConfigurationList;
			buildConfigurations = (
				F2F9569A23326D3B009E83EB /* Debug */,
				F2F9569B23326D3B009E83EB /* Release */,
			);
			defaultConfigurationIsVisible = 0;
			defaultConfigurationName = Release;
		};
		F2F9569C23326D3B009E83EB /* Build configuration list for PBXNativeTarget "QQ红点信息粘性" */ = {
			isa = XCConfigurationList;
			buildConfigurations = (
				F2F9569D23326D3B009E83EB /* Debug */,
				F2F9569E23326D3B009E83EB /* Release */,
			);
			defaultConfigurationIsVisible = 0;
			defaultConfigurationName = Release;
		};
		F2F9569F23326D3B009E83EB /* Build configuration list for PBXNativeTarget "QQ红点信息粘性Tests" */ = {
			isa = XCConfigurationList;
			buildConfigurations = (
				F2F956A023326D3B009E83EB /* Debug */,
				F2F956A123326D3B009E83EB /* Release */,
			);
			defaultConfigurationIsVisible = 0;
			defaultConfigurationName = Release;
		};
		F2F956A223326D3B009E83EB /* Build configuration list for PBXNativeTarget "QQ红点信息粘性UITests" */ = {
			isa = XCConfigurationList;
			buildConfigurations = (
				F2F956A323326D3B009E83EB /* Debug */,
				F2F956A423326D3B009E83EB /* Release */,
			);
			defaultConfigurationIsVisible = 0;
			defaultConfigurationName = Release;
		};
/* End XCConfigurationList section */

/* Begin XCVersionGroup section */
		F2F9567923326D3A009E83EB /* QQ______.xcdatamodeld */ = {
			isa = XCVersionGroup;
			children = (
				F2F9567A23326D3A009E83EB /* QQ______.xcdatamodel */,
			);
			currentVersion = F2F9567A23326D3A009E83EB /* QQ______.xcdatamodel */;
			path = "QQ______.xcdatamodeld";
			sourceTree = "<group>";
			versionGroupType = wrapper.xcdatamodel;
		};
/* End XCVersionGroup section */
	};
	rootObject = F2F9566523326D39009E83EB /* Project object */;
}
